# THIS IS AN AUTOGENERATED FILE. DO NOT EDIT THIS FILE DIRECTLY.
# yarn lockfile v1


circle-to-polygon@^1.0.2:
  version "1.0.2"
  resolved "https://registry.yarnpkg.com/circle-to-polygon/-/circle-to-polygon-1.0.2.tgz#48e9079e6e96cf34d183ff314039de6a59f60a60"
  integrity sha512-JuGRbis6++Emc4IAKzQjhq/ltRQ2F1mn1YsQaabYhHeWx8nSRBOevMc/Tf4W7+WFOLl8GbTvcX6+k2p9swxWVg==
